// !$*UTF8*$!
{
	archiveVersion = 1;
	classes = {
	};
	objectVersion = 46;
	objects = {

/* Begin PBXBuildFile section */
		0E04CB8D14C5C6F100EFED05 /* UIKit.framework in Frameworks */ = {isa = PBXBuildFile; fileRef = 0E04CB8C14C5C6F100EFED05 /* UIKit.framework */; };
		0E04CB8F14C5C6F100EFED05 /* Foundation.framework in Frameworks */ = {isa = PBXBuildFile; fileRef = 0E04CB8E14C5C6F100EFED05 /* Foundation.framework */; };
		0E04CB9114C5C6F100EFED05 /* CoreGraphics.framework in Frameworks */ = {isa = PBXBuildFile; fileRef = 0E04CB9014C5C6F100EFED05 /* CoreGraphics.framework */; };
		0E04CB9714C5C6F100EFED05 /* InfoPlist.strings in Resources */ = {isa = PBXBuildFile; fileRef = 0E04CB9514C5C6F100EFED05 /* InfoPlist.strings */; };
		0E04CB9914C5C6F100EFED05 /* main.m in Sources */ = {isa = PBXBuildFile; fileRef = 0E04CB9814C5C6F100EFED05 /* main.m */; };
		0E04CB9D14C5C6F100EFED05 /* AppDelegate.m in Sources */ = {isa = PBXBuildFile; fileRef = 0E04CB9C14C5C6F100EFED05 /* AppDelegate.m */; };
		0E04CBA014C5C6F100EFED05 /* MainStoryboard.storyboard in Resources */ = {isa = PBXBuildFile; fileRef = 0E04CB9E14C5C6F100EFED05 /* MainStoryboard.storyboard */; };
		0E04CBA514C5C6F100EFED05 /* first.png in Resources */ = {isa = PBXBuildFile; fileRef = 0E04CBA414C5C6F100EFED05 /* first.png */; };
		0E04CBA714C5C6F100EFED05 /* first@2x.png in Resources */ = {isa = PBXBuildFile; fileRef = 0E04CBA614C5C6F100EFED05 /* first@2x.png */; };
		0E04CBAA14C5C6F100EFED05 /* InfoViewController.m in Sources */ = {isa = PBXBuildFile; fileRef = 0E04CBA914C5C6F100EFED05 /* InfoViewController.m */; };
		0E04CBAC14C5C6F100EFED05 /* second.png in Resources */ = {isa = PBXBuildFile; fileRef = 0E04CBAB14C5C6F100EFED05 /* second.png */; };
		0E04CBAE14C5C6F100EFED05 /* second@2x.png in Resources */ = {isa = PBXBuildFile; fileRef = 0E04CBAD14C5C6F100EFED05 /* second@2x.png */; };
		0E04CBB614C5C6F100EFED05 /* SenTestingKit.framework in Frameworks */ = {isa = PBXBuildFile; fileRef = 0E04CBB514C5C6F100EFED05 /* SenTestingKit.framework */; };
		0E04CBB714C5C6F100EFED05 /* UIKit.framework in Frameworks */ = {isa = PBXBuildFile; fileRef = 0E04CB8C14C5C6F100EFED05 /* UIKit.framework */; };
		0E04CBB814C5C6F100EFED05 /* Foundation.framework in Frameworks */ = {isa = PBXBuildFile; fileRef = 0E04CB8E14C5C6F100EFED05 /* Foundation.framework */; };
		0E04CBC014C5C6F100EFED05 /* InfoPlist.strings in Resources */ = {isa = PBXBuildFile; fileRef = 0E04CBBE14C5C6F100EFED05 /* InfoPlist.strings */; };
		0E04CBC314C5C6F100EFED05 /* jsonclientTests.m in Sources */ = {isa = PBXBuildFile; fileRef = 0E04CBC214C5C6F100EFED05 /* jsonclientTests.m */; };
		0E544A9914C5CEDF00A8C7BB /* TasksViewController.m in Sources */ = {isa = PBXBuildFile; fileRef = 0E544A9814C5CEDF00A8C7BB /* TasksViewController.m */; };
		0E544A9C14C5CFD900A8C7BB /* Task.m in Sources */ = {isa = PBXBuildFile; fileRef = 0E544A9B14C5CFD900A8C7BB /* Task.m */; };
		0E544A9F14C5D3B700A8C7BB /* TaskDetailsViewController.m in Sources */ = {isa = PBXBuildFile; fileRef = 0E544A9E14C5D3B700A8C7BB /* TaskDetailsViewController.m */; };
		0E544AA514C7328900A8C7BB /* libsqlite3.dylib in Frameworks */ = {isa = PBXBuildFile; fileRef = 0E544AA414C7328900A8C7BB /* libsqlite3.dylib */; };
		0E544AA814C9B1DE00A8C7BB /* icon_57x57.png in Resources */ = {isa = PBXBuildFile; fileRef = 0E544AA714C9B1DE00A8C7BB /* icon_57x57.png */; };
		0E544AAA14C9B1E100A8C7BB /* icon_114x114.png in Resources */ = {isa = PBXBuildFile; fileRef = 0E544AA914C9B1E100A8C7BB /* icon_114x114.png */; };
		0E544AAC14C9B20B00A8C7BB /* Default.png in Resources */ = {isa = PBXBuildFile; fileRef = 0E544AAB14C9B20B00A8C7BB /* Default.png */; };
		0E544AAE14C9B20D00A8C7BB /* Default@2x.png in Resources */ = {isa = PBXBuildFile; fileRef = 0E544AAD14C9B20D00A8C7BB /* Default@2x.png */; };
		0E544ABC14C9BC3E00A8C7BB /* Reachability.m in Sources */ = {isa = PBXBuildFile; fileRef = 0E544ABB14C9BC3E00A8C7BB /* Reachability.m */; settings = {COMPILER_FLAGS = "-fno-objc-arc"; }; };
		0E544AD214C9BC4A00A8C7BB /* ASIAuthenticationDialog.m in Sources */ = {isa = PBXBuildFile; fileRef = 0E544ABF14C9BC4A00A8C7BB /* ASIAuthenticationDialog.m */; settings = {COMPILER_FLAGS = "-fno-objc-arc"; }; };
		0E544AD314C9BC4A00A8C7BB /* ASIDataCompressor.m in Sources */ = {isa = PBXBuildFile; fileRef = 0E544AC214C9BC4A00A8C7BB /* ASIDataCompressor.m */; settings = {COMPILER_FLAGS = "-fno-objc-arc"; }; };
		0E544AD414C9BC4A00A8C7BB /* ASIDataDecompressor.m in Sources */ = {isa = PBXBuildFile; fileRef = 0E544AC414C9BC4A00A8C7BB /* ASIDataDecompressor.m */; settings = {COMPILER_FLAGS = "-fno-objc-arc"; }; };
		0E544AD514C9BC4A00A8C7BB /* ASIDownloadCache.m in Sources */ = {isa = PBXBuildFile; fileRef = 0E544AC614C9BC4A00A8C7BB /* ASIDownloadCache.m */; settings = {COMPILER_FLAGS = "-fno-objc-arc"; }; };
		0E544AD614C9BC4A00A8C7BB /* ASIFormDataRequest.m in Sources */ = {isa = PBXBuildFile; fileRef = 0E544AC814C9BC4A00A8C7BB /* ASIFormDataRequest.m */; settings = {COMPILER_FLAGS = "-fno-objc-arc"; }; };
		0E544AD714C9BC4A00A8C7BB /* ASIHTTPRequest.m in Sources */ = {isa = PBXBuildFile; fileRef = 0E544ACA14C9BC4A00A8C7BB /* ASIHTTPRequest.m */; settings = {COMPILER_FLAGS = "-fno-objc-arc"; }; };
		0E544AD814C9BC4A00A8C7BB /* ASIInputStream.m in Sources */ = {isa = PBXBuildFile; fileRef = 0E544ACE14C9BC4A00A8C7BB /* ASIInputStream.m */; settings = {COMPILER_FLAGS = "-fno-objc-arc"; }; };
		0E544AD914C9BC4A00A8C7BB /* ASINetworkQueue.m in Sources */ = {isa = PBXBuildFile; fileRef = 0E544AD014C9BC4A00A8C7BB /* ASINetworkQueue.m */; settings = {COMPILER_FLAGS = "-fno-objc-arc"; }; };
		0E544ADB14C9BC7000A8C7BB /* CFNetwork.framework in Frameworks */ = {isa = PBXBuildFile; fileRef = 0E544ADA14C9BC7000A8C7BB /* CFNetwork.framework */; };
		0E544ADD14C9BC7900A8C7BB /* SystemConfiguration.framework in Frameworks */ = {isa = PBXBuildFile; fileRef = 0E544ADC14C9BC7900A8C7BB /* SystemConfiguration.framework */; };
		0E544ADF14C9BC8200A8C7BB /* MobileCoreServices.framework in Frameworks */ = {isa = PBXBuildFile; fileRef = 0E544ADE14C9BC8200A8C7BB /* MobileCoreServices.framework */; };
		0E544AE114C9BC9700A8C7BB /* libz.dylib in Frameworks */ = {isa = PBXBuildFile; fileRef = 0E544AE014C9BC9700A8C7BB /* libz.dylib */; };
		0E544AE514C9C45E00A8C7BB /* PullRefreshTableViewController.m in Sources */ = {isa = PBXBuildFile; fileRef = 0E544AE414C9C45E00A8C7BB /* PullRefreshTableViewController.m */; settings = {COMPILER_FLAGS = "-fno-objc-arc"; }; };
		0E544AE714C9C46E00A8C7BB /* arrow.png in Resources */ = {isa = PBXBuildFile; fileRef = 0E544AE614C9C46E00A8C7BB /* arrow.png */; };
		0E544AE914C9C4E700A8C7BB /* QuartzCore.framework in Frameworks */ = {isa = PBXBuildFile; fileRef = 0E544AE814C9C4E700A8C7BB /* QuartzCore.framework */; };
		0E544AEC14C9C99400A8C7BB /* TaskStore.m in Sources */ = {isa = PBXBuildFile; fileRef = 0E544AEB14C9C99400A8C7BB /* TaskStore.m */; };
/* End PBXBuildFile section */

/* Begin PBXContainerItemProxy section */
		0E04CBB914C5C6F100EFED05 /* PBXContainerItemProxy */ = {
			isa = PBXContainerItemProxy;
			containerPortal = 0E04CB7F14C5C6F100EFED05 /* Project object */;
			proxyType = 1;
			remoteGlobalIDString = 0E04CB8714C5C6F100EFED05;
			remoteInfo = jsonclient;
		};
/* End PBXContainerItemProxy section */

/* Begin PBXFileReference section */
		0E04CB8814C5C6F100EFED05 /* jsonclient.app */ = {isa = PBXFileReference; explicitFileType = wrapper.application; includeInIndex = 0; path = jsonclient.app; sourceTree = BUILT_PRODUCTS_DIR; };
		0E04CB8C14C5C6F100EFED05 /* UIKit.framework */ = {isa = PBXFileReference; lastKnownFileType = wrapper.framework; name = UIKit.framework; path = System/Library/Frameworks/UIKit.framework; sourceTree = SDKROOT; };
		0E04CB8E14C5C6F100EFED05 /* Foundation.framework */ = {isa = PBXFileReference; lastKnownFileType = wrapper.framework; name = Foundation.framework; path = System/Library/Frameworks/Foundation.framework; sourceTree = SDKROOT; };
		0E04CB9014C5C6F100EFED05 /* CoreGraphics.framework */ = {isa = PBXFileReference; lastKnownFileType = wrapper.framework; name = CoreGraphics.framework; path = System/Library/Frameworks/CoreGraphics.framework; sourceTree = SDKROOT; };
		0E04CB9414C5C6F100EFED05 /* jsonclient-Info.plist */ = {isa = PBXFileReference; lastKnownFileType = text.plist.xml; path = "jsonclient-Info.plist"; sourceTree = "<group>"; };
		0E04CB9614C5C6F100EFED05 /* en */ = {isa = PBXFileReference; lastKnownFileType = text.plist.strings; name = en; path = en.lproj/InfoPlist.strings; sourceTree = "<group>"; };
		0E04CB9814C5C6F100EFED05 /* main.m */ = {isa = PBXFileReference; lastKnownFileType = sourcecode.c.objc; path = main.m; sourceTree = "<group>"; };
		0E04CB9A14C5C6F100EFED05 /* jsonclient-Prefix.pch */ = {isa = PBXFileReference; lastKnownFileType = sourcecode.c.h; path = "jsonclient-Prefix.pch"; sourceTree = "<group>"; };
		0E04CB9B14C5C6F100EFED05 /* AppDelegate.h */ = {isa = PBXFileReference; lastKnownFileType = sourcecode.c.h; path = AppDelegate.h; sourceTree = "<group>"; };
		0E04CB9C14C5C6F100EFED05 /* AppDelegate.m */ = {isa = PBXFileReference; lastKnownFileType = sourcecode.c.objc; path = AppDelegate.m; sourceTree = "<group>"; };
		0E04CB9F14C5C6F100EFED05 /* en */ = {isa = PBXFileReference; lastKnownFileType = file.storyboard; name = en; path = en.lproj/MainStoryboard.storyboard; sourceTree = "<group>"; };
		0E04CBA414C5C6F100EFED05 /* first.png */ = {isa = PBXFileReference; lastKnownFileType = image.png; path = first.png; sourceTree = "<group>"; };
		0E04CBA614C5C6F100EFED05 /* first@2x.png */ = {isa = PBXFileReference; lastKnownFileType = image.png; path = "first@2x.png"; sourceTree = "<group>"; };
		0E04CBA814C5C6F100EFED05 /* InfoViewController.h */ = {isa = PBXFileReference; lastKnownFileType = sourcecode.c.h; path = InfoViewController.h; sourceTree = "<group>"; };
		0E04CBA914C5C6F100EFED05 /* InfoViewController.m */ = {isa = PBXFileReference; lastKnownFileType = sourcecode.c.objc; path = InfoViewController.m; sourceTree = "<group>"; };
		0E04CBAB14C5C6F100EFED05 /* second.png */ = {isa = PBXFileReference; lastKnownFileType = image.png; path = second.png; sourceTree = "<group>"; };
		0E04CBAD14C5C6F100EFED05 /* second@2x.png */ = {isa = PBXFileReference; lastKnownFileType = image.png; path = "second@2x.png"; sourceTree = "<group>"; };
		0E04CBB414C5C6F100EFED05 /* jsonclientTests.octest */ = {isa = PBXFileReference; explicitFileType = wrapper.cfbundle; includeInIndex = 0; path = jsonclientTests.octest; sourceTree = BUILT_PRODUCTS_DIR; };
		0E04CBB514C5C6F100EFED05 /* SenTestingKit.framework */ = {isa = PBXFileReference; lastKnownFileType = wrapper.framework; name = SenTestingKit.framework; path = Library/Frameworks/SenTestingKit.framework; sourceTree = DEVELOPER_DIR; };
		0E04CBBD14C5C6F100EFED05 /* jsonclientTests-Info.plist */ = {isa = PBXFileReference; lastKnownFileType = text.plist.xml; path = "jsonclientTests-Info.plist"; sourceTree = "<group>"; };
		0E04CBBF14C5C6F100EFED05 /* en */ = {isa = PBXFileReference; lastKnownFileType = text.plist.strings; name = en; path = en.lproj/InfoPlist.strings; sourceTree = "<group>"; };
		0E04CBC114C5C6F100EFED05 /* jsonclientTests.h */ = {isa = PBXFileReference; lastKnownFileType = sourcecode.c.h; path = jsonclientTests.h; sourceTree = "<group>"; };
		0E04CBC214C5C6F100EFED05 /* jsonclientTests.m */ = {isa = PBXFileReference; lastKnownFileType = sourcecode.c.objc; path = jsonclientTests.m; sourceTree = "<group>"; };
		0E544A9714C5CEDF00A8C7BB /* TasksViewController.h */ = {isa = PBXFileReference; fileEncoding = 4; lastKnownFileType = sourcecode.c.h; path = TasksViewController.h; sourceTree = "<group>"; };
		0E544A9814C5CEDF00A8C7BB /* TasksViewController.m */ = {isa = PBXFileReference; fileEncoding = 4; lastKnownFileType = sourcecode.c.objc; path = TasksViewController.m; sourceTree = "<group>"; };
		0E544A9A14C5CFD900A8C7BB /* Task.h */ = {isa = PBXFileReference; fileEncoding = 4; lastKnownFileType = sourcecode.c.h; path = Task.h; sourceTree = "<group>"; };
		0E544A9B14C5CFD900A8C7BB /* Task.m */ = {isa = PBXFileReference; fileEncoding = 4; lastKnownFileType = sourcecode.c.objc; path = Task.m; sourceTree = "<group>"; };
		0E544A9D14C5D3B700A8C7BB /* TaskDetailsViewController.h */ = {isa = PBXFileReference; fileEncoding = 4; lastKnownFileType = sourcecode.c.h; path = TaskDetailsViewController.h; sourceTree = "<group>"; };
		0E544A9E14C5D3B700A8C7BB /* TaskDetailsViewController.m */ = {isa = PBXFileReference; fileEncoding = 4; lastKnownFileType = sourcecode.c.objc; path = TaskDetailsViewController.m; sourceTree = "<group>"; };
		0E544AA414C7328900A8C7BB /* libsqlite3.dylib */ = {isa = PBXFileReference; lastKnownFileType = "compiled.mach-o.dylib"; name = libsqlite3.dylib; path = usr/lib/libsqlite3.dylib; sourceTree = SDKROOT; };
		0E544AA714C9B1DE00A8C7BB /* icon_57x57.png */ = {isa = PBXFileReference; lastKnownFileType = image.png; path = icon_57x57.png; sourceTree = "<group>"; };
		0E544AA914C9B1E100A8C7BB /* icon_114x114.png */ = {isa = PBXFileReference; lastKnownFileType = image.png; path = icon_114x114.png; sourceTree = "<group>"; };
		0E544AAB14C9B20B00A8C7BB /* Default.png */ = {isa = PBXFileReference; lastKnownFileType = image.png; path = Default.png; sourceTree = "<group>"; };
		0E544AAD14C9B20D00A8C7BB /* Default@2x.png */ = {isa = PBXFileReference; lastKnownFileType = image.png; path = "Default@2x.png"; sourceTree = "<group>"; };
		0E544ABA14C9BC3E00A8C7BB /* Reachability.h */ = {isa = PBXFileReference; fileEncoding = 4; lastKnownFileType = sourcecode.c.h; path = Reachability.h; sourceTree = "<group>"; };
		0E544ABB14C9BC3E00A8C7BB /* Reachability.m */ = {isa = PBXFileReference; fileEncoding = 4; lastKnownFileType = sourcecode.c.objc; path = Reachability.m; sourceTree = "<group>"; };
		0E544ABE14C9BC4A00A8C7BB /* ASIAuthenticationDialog.h */ = {isa = PBXFileReference; fileEncoding = 4; lastKnownFileType = sourcecode.c.h; path = ASIAuthenticationDialog.h; sourceTree = "<group>"; };
		0E544ABF14C9BC4A00A8C7BB /* ASIAuthenticationDialog.m */ = {isa = PBXFileReference; fileEncoding = 4; lastKnownFileType = sourcecode.c.objc; path = ASIAuthenticationDialog.m; sourceTree = "<group>"; };
		0E544AC014C9BC4A00A8C7BB /* ASICacheDelegate.h */ = {isa = PBXFileReference; fileEncoding = 4; lastKnownFileType = sourcecode.c.h; path = ASICacheDelegate.h; sourceTree = "<group>"; };
		0E544AC114C9BC4A00A8C7BB /* ASIDataCompressor.h */ = {isa = PBXFileReference; fileEncoding = 4; lastKnownFileType = sourcecode.c.h; path = ASIDataCompressor.h; sourceTree = "<group>"; };
		0E544AC214C9BC4A00A8C7BB /* ASIDataCompressor.m */ = {isa = PBXFileReference; fileEncoding = 4; lastKnownFileType = sourcecode.c.objc; path = ASIDataCompressor.m; sourceTree = "<group>"; };
		0E544AC314C9BC4A00A8C7BB /* ASIDataDecompressor.h */ = {isa = PBXFileReference; fileEncoding = 4; lastKnownFileType = sourcecode.c.h; path = ASIDataDecompressor.h; sourceTree = "<group>"; };
		0E544AC414C9BC4A00A8C7BB /* ASIDataDecompressor.m */ = {isa = PBXFileReference; fileEncoding = 4; lastKnownFileType = sourcecode.c.objc; path = ASIDataDecompressor.m; sourceTree = "<group>"; };
		0E544AC514C9BC4A00A8C7BB /* ASIDownloadCache.h */ = {isa = PBXFileReference; fileEncoding = 4; lastKnownFileType = sourcecode.c.h; path = ASIDownloadCache.h; sourceTree = "<group>"; };
		0E544AC614C9BC4A00A8C7BB /* ASIDownloadCache.m */ = {isa = PBXFileReference; fileEncoding = 4; lastKnownFileType = sourcecode.c.objc; path = ASIDownloadCache.m; sourceTree = "<group>"; };
		0E544AC714C9BC4A00A8C7BB /* ASIFormDataRequest.h */ = {isa = PBXFileReference; fileEncoding = 4; lastKnownFileType = sourcecode.c.h; path = ASIFormDataRequest.h; sourceTree = "<group>"; };
		0E544AC814C9BC4A00A8C7BB /* ASIFormDataRequest.m */ = {isa = PBXFileReference; fileEncoding = 4; lastKnownFileType = sourcecode.c.objc; path = ASIFormDataRequest.m; sourceTree = "<group>"; };
		0E544AC914C9BC4A00A8C7BB /* ASIHTTPRequest.h */ = {isa = PBXFileReference; fileEncoding = 4; lastKnownFileType = sourcecode.c.h; path = ASIHTTPRequest.h; sourceTree = "<group>"; };
		0E544ACA14C9BC4A00A8C7BB /* ASIHTTPRequest.m */ = {isa = PBXFileReference; fileEncoding = 4; lastKnownFileType = sourcecode.c.objc; path = ASIHTTPRequest.m; sourceTree = "<group>"; };
		0E544ACB14C9BC4A00A8C7BB /* ASIHTTPRequestConfig.h */ = {isa = PBXFileReference; fileEncoding = 4; lastKnownFileType = sourcecode.c.h; path = ASIHTTPRequestConfig.h; sourceTree = "<group>"; };
		0E544ACC14C9BC4A00A8C7BB /* ASIHTTPRequestDelegate.h */ = {isa = PBXFileReference; fileEncoding = 4; lastKnownFileType = sourcecode.c.h; path = ASIHTTPRequestDelegate.h; sourceTree = "<group>"; };
		0E544ACD14C9BC4A00A8C7BB /* ASIInputStream.h */ = {isa = PBXFileReference; fileEncoding = 4; lastKnownFileType = sourcecode.c.h; path = ASIInputStream.h; sourceTree = "<group>"; };
		0E544ACE14C9BC4A00A8C7BB /* ASIInputStream.m */ = {isa = PBXFileReference; fileEncoding = 4; lastKnownFileType = sourcecode.c.objc; path = ASIInputStream.m; sourceTree = "<group>"; };
		0E544ACF14C9BC4A00A8C7BB /* ASINetworkQueue.h */ = {isa = PBXFileReference; fileEncoding = 4; lastKnownFileType = sourcecode.c.h; path = ASINetworkQueue.h; sourceTree = "<group>"; };
		0E544AD014C9BC4A00A8C7BB /* ASINetworkQueue.m */ = {isa = PBXFileReference; fileEncoding = 4; lastKnownFileType = sourcecode.c.objc; path = ASINetworkQueue.m; sourceTree = "<group>"; };
		0E544AD114C9BC4A00A8C7BB /* ASIProgressDelegate.h */ = {isa = PBXFileReference; fileEncoding = 4; lastKnownFileType = sourcecode.c.h; path = ASIProgressDelegate.h; sourceTree = "<group>"; };
		0E544ADA14C9BC7000A8C7BB /* CFNetwork.framework */ = {isa = PBXFileReference; lastKnownFileType = wrapper.framework; name = CFNetwork.framework; path = System/Library/Frameworks/CFNetwork.framework; sourceTree = SDKROOT; };
		0E544ADC14C9BC7900A8C7BB /* SystemConfiguration.framework */ = {isa = PBXFileReference; lastKnownFileType = wrapper.framework; name = SystemConfiguration.framework; path = System/Library/Frameworks/SystemConfiguration.framework; sourceTree = SDKROOT; };
		0E544ADE14C9BC8200A8C7BB /* MobileCoreServices.framework */ = {isa = PBXFileReference; lastKnownFileType = wrapper.framework; name = MobileCoreServices.framework; path = System/Library/Frameworks/MobileCoreServices.framework; sourceTree = SDKROOT; };
		0E544AE014C9BC9700A8C7BB /* libz.dylib */ = {isa = PBXFileReference; lastKnownFileType = "compiled.mach-o.dylib"; name = libz.dylib; path = usr/lib/libz.dylib; sourceTree = SDKROOT; };
		0E544AE314C9C45E00A8C7BB /* PullRefreshTableViewController.h */ = {isa = PBXFileReference; fileEncoding = 4; lastKnownFileType = sourcecode.c.h; path = PullRefreshTableViewController.h; sourceTree = "<group>"; };
		0E544AE414C9C45E00A8C7BB /* PullRefreshTableViewController.m */ = {isa = PBXFileReference; fileEncoding = 4; lastKnownFileType = sourcecode.c.objc; path = PullRefreshTableViewController.m; sourceTree = "<group>"; };
		0E544AE614C9C46E00A8C7BB /* arrow.png */ = {isa = PBXFileReference; lastKnownFileType = image.png; path = arrow.png; sourceTree = SOURCE_ROOT; };
		0E544AE814C9C4E700A8C7BB /* QuartzCore.framework */ = {isa = PBXFileReference; lastKnownFileType = wrapper.framework; name = QuartzCore.framework; path = System/Library/Frameworks/QuartzCore.framework; sourceTree = SDKROOT; };
		0E544AEA14C9C99400A8C7BB /* TaskStore.h */ = {isa = PBXFileReference; fileEncoding = 4; lastKnownFileType = sourcecode.c.h; path = TaskStore.h; sourceTree = "<group>"; };
		0E544AEB14C9C99400A8C7BB /* TaskStore.m */ = {isa = PBXFileReference; fileEncoding = 4; lastKnownFileType = sourcecode.c.objc; path = TaskStore.m; sourceTree = "<group>"; };
/* End PBXFileReference section */

/* Begin PBXFrameworksBuildPhase section */
		0E04CB8514C5C6F100EFED05 /* Frameworks */ = {
			isa = PBXFrameworksBuildPhase;
			buildActionMask = 2147483647;
			files = (
				0E544AE914C9C4E700A8C7BB /* QuartzCore.framework in Frameworks */,
				0E544AE114C9BC9700A8C7BB /* libz.dylib in Frameworks */,
				0E04CB9114C5C6F100EFED05 /* CoreGraphics.framework in Frameworks */,
				0E544ADF14C9BC8200A8C7BB /* MobileCoreServices.framework in Frameworks */,
				0E544ADD14C9BC7900A8C7BB /* SystemConfiguration.framework in Frameworks */,
				0E544ADB14C9BC7000A8C7BB /* CFNetwork.framework in Frameworks */,
				0E544AA514C7328900A8C7BB /* libsqlite3.dylib in Frameworks */,
				0E04CB8D14C5C6F100EFED05 /* UIKit.framework in Frameworks */,
				0E04CB8F14C5C6F100EFED05 /* Foundation.framework in Frameworks */,
			);
			runOnlyForDeploymentPostprocessing = 0;
		};
		0E04CBB014C5C6F100EFED05 /* Frameworks */ = {
			isa = PBXFrameworksBuildPhase;
			buildActionMask = 2147483647;
			files = (
				0E04CBB614C5C6F100EFED05 /* SenTestingKit.framework in Frameworks */,
				0E04CBB714C5C6F100EFED05 /* UIKit.framework in Frameworks */,
				0E04CBB814C5C6F100EFED05 /* Foundation.framework in Frameworks */,
			);
			runOnlyForDeploymentPostprocessing = 0;
		};
/* End PBXFrameworksBuildPhase section */

/* Begin PBXGroup section */
		0E04CB7D14C5C6F100EFED05 = {
			isa = PBXGroup;
			children = (
				0E544AE814C9C4E700A8C7BB /* QuartzCore.framework */,
				0E544AE014C9BC9700A8C7BB /* libz.dylib */,
				0E544ADE14C9BC8200A8C7BB /* MobileCoreServices.framework */,
				0E544ADC14C9BC7900A8C7BB /* SystemConfiguration.framework */,
				0E544ADA14C9BC7000A8C7BB /* CFNetwork.framework */,
				0E04CB9214C5C6F100EFED05 /* jsonclient */,
				0E544AB614C9BBF600A8C7BB /* images */,
				0E544AA414C7328900A8C7BB /* libsqlite3.dylib */,
				0E04CBBB14C5C6F100EFED05 /* jsonclientTests */,
				0E04CB8B14C5C6F100EFED05 /* Frameworks */,
				0E04CB8914C5C6F100EFED05 /* Products */,
			);
			sourceTree = "<group>";
		};
		0E04CB8914C5C6F100EFED05 /* Products */ = {
			isa = PBXGroup;
			children = (
				0E04CB8814C5C6F100EFED05 /* jsonclient.app */,
				0E04CBB414C5C6F100EFED05 /* jsonclientTests.octest */,
			);
			name = Products;
			sourceTree = "<group>";
		};
		0E04CB8B14C5C6F100EFED05 /* Frameworks */ = {
			isa = PBXGroup;
			children = (
				0E04CB8C14C5C6F100EFED05 /* UIKit.framework */,
				0E04CB8E14C5C6F100EFED05 /* Foundation.framework */,
				0E04CB9014C5C6F100EFED05 /* CoreGraphics.framework */,
				0E04CBB514C5C6F100EFED05 /* SenTestingKit.framework */,
			);
			name = Frameworks;
			sourceTree = "<group>";
		};
		0E04CB9214C5C6F100EFED05 /* jsonclient */ = {
			isa = PBXGroup;
			children = (
				0E544AE214C9C45E00A8C7BB /* PullToRefresh */,
				0E544ABD14C9BC4A00A8C7BB /* ASIHTTPRequest */,
				0E544AB814C9BC3E00A8C7BB /* external */,
				0E04CB9B14C5C6F100EFED05 /* AppDelegate.h */,
				0E04CB9C14C5C6F100EFED05 /* AppDelegate.m */,
				0E04CB9E14C5C6F100EFED05 /* MainStoryboard.storyboard */,
				0E04CBA414C5C6F100EFED05 /* first.png */,
				0E04CBA614C5C6F100EFED05 /* first@2x.png */,
				0E04CBA814C5C6F100EFED05 /* InfoViewController.h */,
				0E04CBA914C5C6F100EFED05 /* InfoViewController.m */,
				0E04CBAB14C5C6F100EFED05 /* second.png */,
				0E04CBAD14C5C6F100EFED05 /* second@2x.png */,
				0E04CB9314C5C6F100EFED05 /* Supporting Files */,
				0E544A9714C5CEDF00A8C7BB /* TasksViewController.h */,
				0E544A9814C5CEDF00A8C7BB /* TasksViewController.m */,
				0E544A9A14C5CFD900A8C7BB /* Task.h */,
				0E544A9B14C5CFD900A8C7BB /* Task.m */,
				0E544A9D14C5D3B700A8C7BB /* TaskDetailsViewController.h */,
				0E544A9E14C5D3B700A8C7BB /* TaskDetailsViewController.m */,
				0E544AEA14C9C99400A8C7BB /* TaskStore.h */,
				0E544AEB14C9C99400A8C7BB /* TaskStore.m */,
			);
			path = jsonclient;
			sourceTree = "<group>";
		};
		0E04CB9314C5C6F100EFED05 /* Supporting Files */ = {
			isa = PBXGroup;
			children = (
				0E04CB9414C5C6F100EFED05 /* jsonclient-Info.plist */,
				0E04CB9514C5C6F100EFED05 /* InfoPlist.strings */,
				0E04CB9814C5C6F100EFED05 /* main.m */,
				0E04CB9A14C5C6F100EFED05 /* jsonclient-Prefix.pch */,
			);
			name = "Supporting Files";
			sourceTree = "<group>";
		};
		0E04CBBB14C5C6F100EFED05 /* jsonclientTests */ = {
			isa = PBXGroup;
			children = (
				0E04CBC114C5C6F100EFED05 /* jsonclientTests.h */,
				0E04CBC214C5C6F100EFED05 /* jsonclientTests.m */,
				0E04CBBC14C5C6F100EFED05 /* Supporting Files */,
			);
			path = jsonclientTests;
			sourceTree = "<group>";
		};
		0E04CBBC14C5C6F100EFED05 /* Supporting Files */ = {
			isa = PBXGroup;
			children = (
				0E04CBBD14C5C6F100EFED05 /* jsonclientTests-Info.plist */,
				0E04CBBE14C5C6F100EFED05 /* InfoPlist.strings */,
			);
			name = "Supporting Files";
			sourceTree = "<group>";
		};
		0E544AB614C9BBF600A8C7BB /* images */ = {
			isa = PBXGroup;
			children = (
				0E544AE614C9C46E00A8C7BB /* arrow.png */,
				0E544AAD14C9B20D00A8C7BB /* Default@2x.png */,
				0E544AAB14C9B20B00A8C7BB /* Default.png */,
				0E544AA914C9B1E100A8C7BB /* icon_114x114.png */,
				0E544AA714C9B1DE00A8C7BB /* icon_57x57.png */,
			);
			name = images;
			sourceTree = "<group>";
		};
		0E544AB814C9BC3E00A8C7BB /* external */ = {
			isa = PBXGroup;
			children = (
				0E544AB914C9BC3E00A8C7BB /* Reachability */,
			);
			path = external;
			sourceTree = "<group>";
		};
		0E544AB914C9BC3E00A8C7BB /* Reachability */ = {
			isa = PBXGroup;
			children = (
				0E544ABA14C9BC3E00A8C7BB /* Reachability.h */,
				0E544ABB14C9BC3E00A8C7BB /* Reachability.m */,
			);
			path = Reachability;
			sourceTree = "<group>";
		};
		0E544ABD14C9BC4A00A8C7BB /* ASIHTTPRequest */ = {
			isa = PBXGroup;
			children = (
				0E544ABE14C9BC4A00A8C7BB /* ASIAuthenticationDialog.h */,
				0E544ABF14C9BC4A00A8C7BB /* ASIAuthenticationDialog.m */,
				0E544AC014C9BC4A00A8C7BB /* ASICacheDelegate.h */,
				0E544AC114C9BC4A00A8C7BB /* ASIDataCompressor.h */,
				0E544AC214C9BC4A00A8C7BB /* ASIDataCompressor.m */,
				0E544AC314C9BC4A00A8C7BB /* ASIDataDecompressor.h */,
				0E544AC414C9BC4A00A8C7BB /* ASIDataDecompressor.m */,
				0E544AC514C9BC4A00A8C7BB /* ASIDownloadCache.h */,
				0E544AC614C9BC4A00A8C7BB /* ASIDownloadCache.m */,
				0E544AC714C9BC4A00A8C7BB /* ASIFormDataRequest.h */,
				0E544AC814C9BC4A00A8C7BB /* ASIFormDataRequest.m */,
				0E544AC914C9BC4A00A8C7BB /* ASIHTTPRequest.h */,
				0E544ACA14C9BC4A00A8C7BB /* ASIHTTPRequest.m */,
				0E544ACB14C9BC4A00A8C7BB /* ASIHTTPRequestConfig.h */,
				0E544ACC14C9BC4A00A8C7BB /* ASIHTTPRequestDelegate.h */,
				0E544ACD14C9BC4A00A8C7BB /* ASIInputStream.h */,
				0E544ACE14C9BC4A00A8C7BB /* ASIInputStream.m */,
				0E544ACF14C9BC4A00A8C7BB /* ASINetworkQueue.h */,
				0E544AD014C9BC4A00A8C7BB /* ASINetworkQueue.m */,
				0E544AD114C9BC4A00A8C7BB /* ASIProgressDelegate.h */,
			);
			path = ASIHTTPRequest;
			sourceTree = "<group>";
		};
		0E544AE214C9C45E00A8C7BB /* PullToRefresh */ = {
			isa = PBXGroup;
			children = (
				0E544AE314C9C45E00A8C7BB /* PullRefreshTableViewController.h */,
				0E544AE414C9C45E00A8C7BB /* PullRefreshTableViewController.m */,
			);
			path = PullToRefresh;
			sourceTree = "<group>";
		};
/* End PBXGroup section */

/* Begin PBXNativeTarget section */
		0E04CB8714C5C6F100EFED05 /* jsonclient */ = {
			isa = PBXNativeTarget;
			buildConfigurationList = 0E04CBC614C5C6F100EFED05 /* Build configuration list for PBXNativeTarget "jsonclient" */;
			buildPhases = (
				0E04CB8414C5C6F100EFED05 /* Sources */,
				0E04CB8514C5C6F100EFED05 /* Frameworks */,
				0E04CB8614C5C6F100EFED05 /* Resources */,
			);
			buildRules = (
			);
			dependencies = (
			);
			name = jsonclient;
			productName = jsonclient;
			productReference = 0E04CB8814C5C6F100EFED05 /* jsonclient.app */;
			productType = "com.apple.product-type.application";
		};
		0E04CBB314C5C6F100EFED05 /* jsonclientTests */ = {
			isa = PBXNativeTarget;
			buildConfigurationList = 0E04CBC914C5C6F100EFED05 /* Build configuration list for PBXNativeTarget "jsonclientTests" */;
			buildPhases = (
				0E04CBAF14C5C6F100EFED05 /* Sources */,
				0E04CBB014C5C6F100EFED05 /* Frameworks */,
				0E04CBB114C5C6F100EFED05 /* Resources */,
				0E04CBB214C5C6F100EFED05 /* ShellScript */,
			);
			buildRules = (
			);
			dependencies = (
				0E04CBBA14C5C6F100EFED05 /* PBXTargetDependency */,
			);
			name = jsonclientTests;
			productName = jsonclientTests;
			productReference = 0E04CBB414C5C6F100EFED05 /* jsonclientTests.octest */;
			productType = "com.apple.product-type.bundle";
		};
/* End PBXNativeTarget section */

/* Begin PBXProject section */
		0E04CB7F14C5C6F100EFED05 /* Project object */ = {
			isa = PBXProject;
			attributes = {
				LastUpgradeCheck = 0420;
			};
			buildConfigurationList = 0E04CB8214C5C6F100EFED05 /* Build configuration list for PBXProject "jsonclient" */;
			compatibilityVersion = "Xcode 3.2";
			developmentRegion = English;
			hasScannedForEncodings = 0;
			knownRegions = (
				en,
			);
			mainGroup = 0E04CB7D14C5C6F100EFED05;
			productRefGroup = 0E04CB8914C5C6F100EFED05 /* Products */;
			projectDirPath = "";
			projectRoot = "";
			targets = (
				0E04CB8714C5C6F100EFED05 /* jsonclient */,
				0E04CBB314C5C6F100EFED05 /* jsonclientTests */,
			);
		};
/* End PBXProject section */

/* Begin PBXResourcesBuildPhase section */
		0E04CB8614C5C6F100EFED05 /* Resources */ = {
			isa = PBXResourcesBuildPhase;
			buildActionMask = 2147483647;
			files = (
				0E04CB9714C5C6F100EFED05 /* InfoPlist.strings in Resources */,
				0E04CBA014C5C6F100EFED05 /* MainStoryboard.storyboard in Resources */,
				0E04CBA514C5C6F100EFED05 /* first.png in Resources */,
				0E04CBA714C5C6F100EFED05 /* first@2x.png in Resources */,
				0E04CBAC14C5C6F100EFED05 /* second.png in Resources */,
				0E04CBAE14C5C6F100EFED05 /* second@2x.png in Resources */,
				0E544AA814C9B1DE00A8C7BB /* icon_57x57.png in Resources */,
				0E544AAA14C9B1E100A8C7BB /* icon_114x114.png in Resources */,
				0E544AAC14C9B20B00A8C7BB /* Default.png in Resources */,
				0E544AAE14C9B20D00A8C7BB /* Default@2x.png in Resources */,
				0E544AE714C9C46E00A8C7BB /* arrow.png in Resources */,
			);
			runOnlyForDeploymentPostprocessing = 0;
		};
		0E04CBB114C5C6F100EFED05 /* Resources */ = {
			isa = PBXResourcesBuildPhase;
			buildActionMask = 2147483647;
			files = (
				0E04CBC014C5C6F100EFED05 /* InfoPlist.strings in Resources */,
			);
			runOnlyForDeploymentPostprocessing = 0;
		};
/* End PBXResourcesBuildPhase section */

/* Begin PBXShellScriptBuildPhase section */
		0E04CBB214C5C6F100EFED05 /* ShellScript */ = {
			isa = PBXShellScriptBuildPhase;
			buildActionMask = 2147483647;
			files = (
			);
			inputPaths = (
			);
			outputPaths = (
			);
			runOnlyForDeploymentPostprocessing = 0;
			shellPath = /bin/sh;
			shellScript = "# Run the unit tests in this test bundle.\n\"${SYSTEM_DEVELOPER_DIR}/Tools/RunUnitTests\"\n";
		};
/* End PBXShellScriptBuildPhase section */

/* Begin PBXSourcesBuildPhase section */
		0E04CB8414C5C6F100EFED05 /* Sources */ = {
			isa = PBXSourcesBuildPhase;
			buildActionMask = 2147483647;
			files = (
				0E04CB9914C5C6F100EFED05 /* main.m in Sources */,
				0E04CB9D14C5C6F100EFED05 /* AppDelegate.m in Sources */,
				0E04CBAA14C5C6F100EFED05 /* InfoViewController.m in Sources */,
				0E544A9914C5CEDF00A8C7BB /* TasksViewController.m in Sources */,
				0E544A9C14C5CFD900A8C7BB /* Task.m in Sources */,
				0E544A9F14C5D3B700A8C7BB /* TaskDetailsViewController.m in Sources */,
				0E544ABC14C9BC3E00A8C7BB /* Reachability.m in Sources */,
				0E544AD214C9BC4A00A8C7BB /* ASIAuthenticationDialog.m in Sources */,
				0E544AD314C9BC4A00A8C7BB /* ASIDataCompressor.m in Sources */,
				0E544AD414C9BC4A00A8C7BB /* ASIDataDecompressor.m in Sources */,
				0E544AD514C9BC4A00A8C7BB /* ASIDownloadCache.m in Sources */,
				0E544AD614C9BC4A00A8C7BB /* ASIFormDataRequest.m in Sources */,
				0E544AD714C9BC4A00A8C7BB /* ASIHTTPRequest.m in Sources */,
				0E544AD814C9BC4A00A8C7BB /* ASIInputStream.m in Sources */,
				0E544AD914C9BC4A00A8C7BB /* ASINetworkQueue.m in Sources */,
				0E544AE514C9C45E00A8C7BB /* PullRefreshTableViewController.m in Sources */,
				0E544AEC14C9C99400A8C7BB /* TaskStore.m in Sources */,
			);
			runOnlyForDeploymentPostprocessing = 0;
		};
		0E04CBAF14C5C6F100EFED05 /* Sources */ = {
			isa = PBXSourcesBuildPhase;
			buildActionMask = 2147483647;
			files = (
				0E04CBC314C5C6F100EFED05 /* jsonclientTests.m in Sources */,
			);
			runOnlyForDeploymentPostprocessing = 0;
		};
/* End PBXSourcesBuildPhase section */

/* Begin PBXTargetDependency section */
		0E04CBBA14C5C6F100EFED05 /* PBXTargetDependency */ = {
			isa = PBXTargetDependency;
			target = 0E04CB8714C5C6F100EFED05 /* jsonclient */;
			targetProxy = 0E04CBB914C5C6F100EFED05 /* PBXContainerItemProxy */;
		};
/* End PBXTargetDependency section */

/* Begin PBXVariantGroup section */
		0E04CB9514C5C6F100EFED05 /* InfoPlist.strings */ = {
			isa = PBXVariantGroup;
			children = (
				0E04CB9614C5C6F100EFED05 /* en */,
			);
			name = InfoPlist.strings;
			sourceTree = "<group>";
		};
		0E04CB9E14C5C6F100EFED05 /* MainStoryboard.storyboard */ = {
			isa = PBXVariantGroup;
			children = (
				0E04CB9F14C5C6F100EFED05 /* en */,
			);
			name = MainStoryboard.storyboard;
			sourceTree = "<group>";
		};
		0E04CBBE14C5C6F100EFED05 /* InfoPlist.strings */ = {
			isa = PBXVariantGroup;
			children = (
				0E04CBBF14C5C6F100EFED05 /* en */,
			);
			name = InfoPlist.strings;
			sourceTree = "<group>";
		};
/* End PBXVariantGroup section */

/* Begin XCBuildConfiguration section */
		0E04CBC414C5C6F100EFED05 /* Debug */ = {
			isa = XCBuildConfiguration;
			buildSettings = {
				ALWAYS_SEARCH_USER_PATHS = NO;
				ARCHS = "$(ARCHS_STANDARD_32_BIT)";
				CLANG_ENABLE_OBJC_ARC = YES;
				"CODE_SIGN_IDENTITY[sdk=iphoneos*]" = "";
				COPY_PHASE_STRIP = NO;
				GCC_C_LANGUAGE_STANDARD = gnu99;
				GCC_DYNAMIC_NO_PIC = NO;
				GCC_OPTIMIZATION_LEVEL = 0;
				GCC_PREPROCESSOR_DEFINITIONS = (
					"DEBUG=1",
					"$(inherited)",
				);
				GCC_SYMBOLS_PRIVATE_EXTERN = NO;
				GCC_VERSION = com.apple.compilers.llvm.clang.1_0;
				GCC_WARN_ABOUT_MISSING_PROTOTYPES = YES;
				GCC_WARN_ABOUT_RETURN_TYPE = YES;
				GCC_WARN_UNUSED_VARIABLE = YES;
				IPHONEOS_DEPLOYMENT_TARGET = 5.0;
				SDKROOT = iphoneos;
			};
			name = Debug;
		};
		0E04CBC514C5C6F100EFED05 /* Release */ = {
			isa = XCBuildConfiguration;
			buildSettings = {
				ALWAYS_SEARCH_USER_PATHS = NO;
				ARCHS = "$(ARCHS_STANDARD_32_BIT)";
				CLANG_ENABLE_OBJC_ARC = YES;
				"CODE_SIGN_IDENTITY[sdk=iphoneos*]" = "";
				COPY_PHASE_STRIP = YES;
				GCC_C_LANGUAGE_STANDARD = gnu99;
				GCC_VERSION = com.apple.compilers.llvm.clang.1_0;
				GCC_WARN_ABOUT_MISSING_PROTOTYPES = YES;
				GCC_WARN_ABOUT_RETURN_TYPE = YES;
				GCC_WARN_UNUSED_VARIABLE = YES;
				IPHONEOS_DEPLOYMENT_TARGET = 5.0;
				OTHER_CFLAGS = "-DNS_BLOCK_ASSERTIONS=1";
				SDKROOT = iphoneos;
				VALIDATE_PRODUCT = YES;
			};
			name = Release;
		};
		0E04CBC714C5C6F100EFED05 /* Debug */ = {
			isa = XCBuildConfiguration;
			buildSettings = {
				GCC_PRECOMPILE_PREFIX_HEADER = YES;
				GCC_PREFIX_HEADER = "jsonclient/jsonclient-Prefix.pch";
				INFOPLIST_FILE = "jsonclient/jsonclient-Info.plist";
				PRODUCT_NAME = "$(TARGET_NAME)";
				WRAPPER_EXTENSION = app;
			};
			name = Debug;
		};
		0E04CBC814C5C6F100EFED05 /* Release */ = {
			isa = XCBuildConfiguration;
			buildSettings = {
				GCC_PRECOMPILE_PREFIX_HEADER = YES;
				GCC_PREFIX_HEADER = "jsonclient/jsonclient-Prefix.pch";
				INFOPLIST_FILE = "jsonclient/jsonclient-Info.plist";
				PRODUCT_NAME = "$(TARGET_NAME)";
				WRAPPER_EXTENSION = app;
			};
			name = Release;
		};
		0E04CBCA14C5C6F100EFED05 /* Debug */ = {
			isa = XCBuildConfiguration;
			buildSettings = {
				BUNDLE_LOADER = "$(BUILT_PRODUCTS_DIR)/jsonclient.app/jsonclient";
				FRAMEWORK_SEARCH_PATHS = (
					"$(SDKROOT)/Developer/Library/Frameworks",
					"$(DEVELOPER_LIBRARY_DIR)/Frameworks",
				);
				GCC_PRECOMPILE_PREFIX_HEADER = YES;
				GCC_PREFIX_HEADER = "jsonclient/jsonclient-Prefix.pch";
				INFOPLIST_FILE = "jsonclientTests/jsonclientTests-Info.plist";
				PRODUCT_NAME = "$(TARGET_NAME)";
				TEST_HOST = "$(BUNDLE_LOADER)";
				WRAPPER_EXTENSION = octest;
			};
			name = Debug;
		};
		0E04CBCB14C5C6F100EFED05 /* Release */ = {
			isa = XCBuildConfiguration;
			buildSettings = {
				BUNDLE_LOADER = "$(BUILT_PRODUCTS_DIR)/jsonclient.app/jsonclient";
				FRAMEWORK_SEARCH_PATHS = (
					"$(SDKROOT)/Developer/Library/Frameworks",
					"$(DEVELOPER_LIBRARY_DIR)/Frameworks",
				);
				GCC_PRECOMPILE_PREFIX_HEADER = YES;
				GCC_PREFIX_HEADER = "jsonclient/jsonclient-Prefix.pch";
				INFOPLIST_FILE = "jsonclientTests/jsonclientTests-Info.plist";
				PRODUCT_NAME = "$(TARGET_NAME)";
				TEST_HOST = "$(BUNDLE_LOADER)";
				WRAPPER_EXTENSION = octest;
			};
			name = Release;
		};
/* End XCBuildConfiguration section */

/* Begin XCConfigurationList section */
		0E04CB8214C5C6F100EFED05 /* Build configuration list for PBXProject "jsonclient" */ = {
			isa = XCConfigurationList;
			buildConfigurations = (
				0E04CBC414C5C6F100EFED05 /* Debug */,
				0E04CBC514C5C6F100EFED05 /* Release */,
			);
			defaultConfigurationIsVisible = 0;
			defaultConfigurationName = Release;
		};
		0E04CBC614C5C6F100EFED05 /* Build configuration list for PBXNativeTarget "jsonclient" */ = {
			isa = XCConfigurationList;
			buildConfigurations = (
				0E04CBC714C5C6F100EFED05 /* Debug */,
				0E04CBC814C5C6F100EFED05 /* Release */,
			);
			defaultConfigurationIsVisible = 0;
			defaultConfigurationName = Release;
		};
		0E04CBC914C5C6F100EFED05 /* Build configuration list for PBXNativeTarget "jsonclientTests" */ = {
			isa = XCConfigurationList;
			buildConfigurations = (
				0E04CBCA14C5C6F100EFED05 /* Debug */,
				0E04CBCB14C5C6F100EFED05 /* Release */,
			);
			defaultConfigurationIsVisible = 0;
			defaultConfigurationName = Release;
		};
/* End XCConfigurationList section */
	};
	rootObject = 0E04CB7F14C5C6F100EFED05 /* Project object */;
}
